
Microsoft Visual Studio Solution File, Format Version 12.00
# Visual Studio Version 16
VisualStudioVersion = 16.0.30011.22
MinimumVisualStudioVersion = 10.0.40219.1
Project("{FAE04EC0-301F-11D3-BF4B-00C04F79EFBC}") = "Project Year 2", "Project Year 2.csproj", "{989002C9-79BB-4DD4-A31C-2D8B99B68CBF}"
EndProject
Global
	GlobalSection(SolutionConfigurationPlatforms) = preSolution
		Debug|Any CPU = Debug|Any CPU
		Release|Any CPU = Release|Any CPU
	EndGlobalSection
	GlobalSection(ProjectConfigurationPlatforms) = postSolution
		{989002C9-79BB-4DD4-A31C-2D8B99B68CBF}.Debug|Any CPU.ActiveCfg = Debug|Any CPU
		{989002C9-79BB-4DD4-A31C-2D8B99B68CBF}.Debug|Any CPU.Build.0 = Debug|Any CPU
		{989002C9-79BB-4DD4-A31C-2D8B99B68CBF}.Release|Any CPU.ActiveCfg = Release|Any CPU
		{989002C9-79BB-4DD4-A31C-2D8B99B68CBF}.Release|Any CPU.Build.0 = Release|Any CPU
	EndGlobalSection
	GlobalSection(SolutionProperties) = preSolution
		HideSolutionNode = FALSE
	EndGlobalSection
	GlobalSection(ExtensibilityGlobals) = postSolution
		SolutionGuid = {24AD5D73-8A31-47D4-B924-559633048683}
	EndGlobalSection
EndGlobal
